
Microsoft Visual Studio Solution File, Format Version 12.00
# Visual Studio Version 17
VisualStudioVersion = 17.4.33403.182
MinimumVisualStudioVersion = 10.0.40219.1
Project("{FAE04EC0-301F-11D3-BF4B-00C04F79EFBC}") = "IleriProgOdev", "IleriProgOdev\IleriProgOdev.csproj", "{22C08DC7-89A1-4E86-A3B7-3657CF61F533}"
EndProject
Global
	GlobalSection(SolutionConfigurationPlatforms) = preSolution
		Debug|Any CPU = Debug|Any CPU
		Release|Any CPU = Release|Any CPU
	EndGlobalSection
	GlobalSection(ProjectConfigurationPlatforms) = postSolution
		{22C08DC7-89A1-4E86-A3B7-3657CF61F533}.Debug|Any CPU.ActiveCfg = Debug|Any CPU
		{22C08DC7-89A1-4E86-A3B7-3657CF61F533}.Debug|Any CPU.Build.0 = Debug|Any CPU
		{22C08DC7-89A1-4E86-A3B7-3657CF61F533}.Release|Any CPU.ActiveCfg = Release|Any CPU
		{22C08DC7-89A1-4E86-A3B7-3657CF61F533}.Release|Any CPU.Build.0 = Release|Any CPU
	EndGlobalSection
	GlobalSection(SolutionProperties) = preSolution
		HideSolutionNode = FALSE
	EndGlobalSection
	GlobalSection(ExtensibilityGlobals) = postSolution
		SolutionGuid = {D3CE0C79-E912-4C75-BDB9-47C2108C9C2F}
	EndGlobalSection
EndGlobal
