
Microsoft Visual Studio Solution File, Format Version 12.00
# Visual Studio Version 17
VisualStudioVersion = 17.4.33403.182
MinimumVisualStudioVersion = 10.0.40219.1
Project("{FAE04EC0-301F-11D3-BF4B-00C04F79EFBC}") = "IlerProgOdevDatabase", "IlerProgOdevDatabase\IlerProgOdevDatabase.csproj", "{A51D8845-24D2-4EB5-9078-B45E661B3A74}"
EndProject
Global
	GlobalSection(SolutionConfigurationPlatforms) = preSolution
		Debug|Any CPU = Debug|Any CPU
		Release|Any CPU = Release|Any CPU
	EndGlobalSection
	GlobalSection(ProjectConfigurationPlatforms) = postSolution
		{A51D8845-24D2-4EB5-9078-B45E661B3A74}.Debug|Any CPU.ActiveCfg = Debug|Any CPU
		{A51D8845-24D2-4EB5-9078-B45E661B3A74}.Debug|Any CPU.Build.0 = Debug|Any CPU
		{A51D8845-24D2-4EB5-9078-B45E661B3A74}.Release|Any CPU.ActiveCfg = Release|Any CPU
		{A51D8845-24D2-4EB5-9078-B45E661B3A74}.Release|Any CPU.Build.0 = Release|Any CPU
	EndGlobalSection
	GlobalSection(SolutionProperties) = preSolution
		HideSolutionNode = FALSE
	EndGlobalSection
	GlobalSection(ExtensibilityGlobals) = postSolution
		SolutionGuid = {7595AB4F-E901-4D44-92DF-C37287EA5F79}
	EndGlobalSection
EndGlobal
