
Microsoft Visual Studio Solution File, Format Version 12.00
# Visual Studio Version 17
VisualStudioVersion = 17.5.002.0
MinimumVisualStudioVersion = 10.0.40219.1
Project("{9A19103F-16F7-4668-BE54-9A1E7A4F7556}") = "HealthFacility", "HealthFacility.csproj", "{6A6D53C9-49E6-406B-B7FE-A37769BA432A}"
EndProject
Global
	GlobalSection(SolutionConfigurationPlatforms) = preSolution
		Debug|Any CPU = Debug|Any CPU
		Release|Any CPU = Release|Any CPU
	EndGlobalSection
	GlobalSection(ProjectConfigurationPlatforms) = postSolution
		{6A6D53C9-49E6-406B-B7FE-A37769BA432A}.Debug|Any CPU.ActiveCfg = Debug|Any CPU
		{6A6D53C9-49E6-406B-B7FE-A37769BA432A}.Debug|Any CPU.Build.0 = Debug|Any CPU
		{6A6D53C9-49E6-406B-B7FE-A37769BA432A}.Release|Any CPU.ActiveCfg = Release|Any CPU
		{6A6D53C9-49E6-406B-B7FE-A37769BA432A}.Release|Any CPU.Build.0 = Release|Any CPU
	EndGlobalSection
	GlobalSection(SolutionProperties) = preSolution
		HideSolutionNode = FALSE
	EndGlobalSection
	GlobalSection(ExtensibilityGlobals) = postSolution
		SolutionGuid = {C1E12A8A-7690-48AC-AB5C-E8C109E7BA80}
	EndGlobalSection
EndGlobal
