
Microsoft Visual Studio Solution File, Format Version 12.00
# Visual Studio Version 17
VisualStudioVersion = 17.5.002.0
MinimumVisualStudioVersion = 10.0.40219.1
Project("{9A19103F-16F7-4668-BE54-9A1E7A4F7556}") = "HealthFacility", "HealthFacility.csproj", "{D83E3F99-5245-4C85-8321-BD1EFD237D45}"
EndProject
Global
	GlobalSection(SolutionConfigurationPlatforms) = preSolution
		Debug|Any CPU = Debug|Any CPU
		Release|Any CPU = Release|Any CPU
	EndGlobalSection
	GlobalSection(ProjectConfigurationPlatforms) = postSolution
		{D83E3F99-5245-4C85-8321-BD1EFD237D45}.Debug|Any CPU.ActiveCfg = Debug|Any CPU
		{D83E3F99-5245-4C85-8321-BD1EFD237D45}.Debug|Any CPU.Build.0 = Debug|Any CPU
		{D83E3F99-5245-4C85-8321-BD1EFD237D45}.Release|Any CPU.ActiveCfg = Release|Any CPU
		{D83E3F99-5245-4C85-8321-BD1EFD237D45}.Release|Any CPU.Build.0 = Release|Any CPU
	EndGlobalSection
	GlobalSection(SolutionProperties) = preSolution
		HideSolutionNode = FALSE
	EndGlobalSection
	GlobalSection(ExtensibilityGlobals) = postSolution
		SolutionGuid = {DC8FE0AF-E2E0-4BFF-8E48-FB3D069E0241}
	EndGlobalSection
EndGlobal
